// !$*UTF8*$!
{
	archiveVersion = 1;
	classes = {
	};
	objectVersion = 55;
	objects = {

/* Begin PBXBuildFile section */
		5054B03927FCDC0A00BE687B /* SpaceNewsProjectApp.swift in Sources */ = {isa = PBXBuildFile; fileRef = 5054B03827FCDC0A00BE687B /* SpaceNewsProjectApp.swift */; };
		5054B03B27FCDC0A00BE687B /* ContentView.swift in Sources */ = {isa = PBXBuildFile; fileRef = 5054B03A27FCDC0A00BE687B /* ContentView.swift */; };
		5054B03D27FCDC0D00BE687B /* Assets.xcassets in Resources */ = {isa = PBXBuildFile; fileRef = 5054B03C27FCDC0D00BE687B /* Assets.xcassets */; };
		5054B04027FCDC0D00BE687B /* Preview Assets.xcassets in Resources */ = {isa = PBXBuildFile; fileRef = 5054B03F27FCDC0D00BE687B /* Preview Assets.xcassets */; };
		5054B04A27FCF42C00BE687B /* CachedAsyncImage in Frameworks */ = {isa = PBXBuildFile; productRef = 5054B04927FCF42C00BE687B /* CachedAsyncImage */; };
		5054B04C27FCF58100BE687B /* APIClient.swift in Sources */ = {isa = PBXBuildFile; fileRef = 5054B04B27FCF58100BE687B /* APIClient.swift */; };
		5054B04E27FD43CF00BE687B /* NewsArticle.swift in Sources */ = {isa = PBXBuildFile; fileRef = 5054B04D27FD43CF00BE687B /* NewsArticle.swift */; };
		5054B05027FD449400BE687B /* NewView.swift in Sources */ = {isa = PBXBuildFile; fileRef = 5054B04F27FD449400BE687B /* NewView.swift */; };
/* End PBXBuildFile section */

/* Begin PBXFileReference section */
		5054B03527FCDC0A00BE687B /* SpaceNewsProject.app */ = {isa = PBXFileReference; explicitFileType = wrapper.application; includeInIndex = 0; path = SpaceNewsProject.app; sourceTree = BUILT_PRODUCTS_DIR; };
		5054B03827FCDC0A00BE687B /* SpaceNewsProjectApp.swift */ = {isa = PBXFileReference; lastKnownFileType = sourcecode.swift; path = SpaceNewsProjectApp.swift; sourceTree = "<group>"; };
		5054B03A27FCDC0A00BE687B /* ContentView.swift */ = {isa = PBXFileReference; lastKnownFileType = sourcecode.swift; path = ContentView.swift; sourceTree = "<group>"; };
		5054B03C27FCDC0D00BE687B /* Assets.xcassets */ = {isa = PBXFileReference; lastKnownFileType = folder.assetcatalog; path = Assets.xcassets; sourceTree = "<group>"; };
		5054B03F27FCDC0D00BE687B /* Preview Assets.xcassets */ = {isa = PBXFileReference; lastKnownFileType = folder.assetcatalog; path = "Preview Assets.xcassets"; sourceTree = "<group>"; };
		5054B04B27FCF58100BE687B /* APIClient.swift */ = {isa = PBXFileReference; lastKnownFileType = sourcecode.swift; path = APIClient.swift; sourceTree = "<group>"; };
		5054B04D27FD43CF00BE687B /* NewsArticle.swift */ = {isa = PBXFileReference; lastKnownFileType = sourcecode.swift; path = NewsArticle.swift; sourceTree = "<group>"; };
		5054B04F27FD449400BE687B /* NewView.swift */ = {isa = PBXFileReference; lastKnownFileType = sourcecode.swift; path = NewView.swift; sourceTree = "<group>"; };
/* End PBXFileReference section */

/* Begin PBXFrameworksBuildPhase section */
		5054B03227FCDC0A00BE687B /* Frameworks */ = {
			isa = PBXFrameworksBuildPhase;
			buildActionMask = 2147483647;
			files = (
				5054B04A27FCF42C00BE687B /* CachedAsyncImage in Frameworks */,
			);
			runOnlyForDeploymentPostprocessing = 0;
		};
/* End PBXFrameworksBuildPhase section */

/* Begin PBXGroup section */
		5054B02C27FCDC0A00BE687B = {
			isa = PBXGroup;
			children = (
				5054B03727FCDC0A00BE687B /* SpaceNewsProject */,
				5054B03627FCDC0A00BE687B /* Products */,
			);
			sourceTree = "<group>";
		};
		5054B03627FCDC0A00BE687B /* Products */ = {
			isa = PBXGroup;
			children = (
				5054B03527FCDC0A00BE687B /* SpaceNewsProject.app */,
			);
			name = Products;
			sourceTree = "<group>";
		};
		5054B03727FCDC0A00BE687B /* SpaceNewsProject */ = {
			isa = PBXGroup;
			children = (
				5054B04627FCF1DC00BE687B /* Views */,
				5054B04727FCF1FF00BE687B /* API */,
				5054B03C27FCDC0D00BE687B /* Assets.xcassets */,
				5054B03E27FCDC0D00BE687B /* Preview Content */,
			);
			path = SpaceNewsProject;
			sourceTree = "<group>";
		};
		5054B03E27FCDC0D00BE687B /* Preview Content */ = {
			isa = PBXGroup;
			children = (
				5054B03F27FCDC0D00BE687B /* Preview Assets.xcassets */,
			);
			path = "Preview Content";
			sourceTree = "<group>";
		};
		5054B04627FCF1DC00BE687B /* Views */ = {
			isa = PBXGroup;
			children = (
				5054B03A27FCDC0A00BE687B /* ContentView.swift */,
				5054B03827FCDC0A00BE687B /* SpaceNewsProjectApp.swift */,
				5054B04D27FD43CF00BE687B /* NewsArticle.swift */,
				5054B04F27FD449400BE687B /* NewView.swift */,
			);
			path = Views;
			sourceTree = "<group>";
		};
		5054B04727FCF1FF00BE687B /* API */ = {
			isa = PBXGroup;
			children = (
				5054B04B27FCF58100BE687B /* APIClient.swift */,
			);
			path = API;
			sourceTree = "<group>";
		};
/* End PBXGroup section */

/* Begin PBXNativeTarget section */
		5054B03427FCDC0A00BE687B /* SpaceNewsProject */ = {
			isa = PBXNativeTarget;
			buildConfigurationList = 5054B04327FCDC0D00BE687B /* Build configuration list for PBXNativeTarget "SpaceNewsProject" */;
			buildPhases = (
				5054B03127FCDC0A00BE687B /* Sources */,
				5054B03227FCDC0A00BE687B /* Frameworks */,
				5054B03327FCDC0A00BE687B /* Resources */,
			);
			buildRules = (
			);
			dependencies = (
			);
			name = SpaceNewsProject;
			packageProductDependencies = (
				5054B04927FCF42C00BE687B /* CachedAsyncImage */,
			);
			productName = SpaceNewsProject;
			productReference = 5054B03527FCDC0A00BE687B /* SpaceNewsProject.app */;
			productType = "com.apple.product-type.application";
		};
/* End PBXNativeTarget section */

/* Begin PBXProject section */
		5054B02D27FCDC0A00BE687B /* Project object */ = {
			isa = PBXProject;
			attributes = {
				BuildIndependentTargetsInParallel = 1;
				LastSwiftUpdateCheck = 1320;
				LastUpgradeCheck = 1320;
				TargetAttributes = {
					5054B03427FCDC0A00BE687B = {
						CreatedOnToolsVersion = 13.2.1;
					};
				};
			};
			buildConfigurationList = 5054B03027FCDC0A00BE687B /* Build configuration list for PBXProject "SpaceNewsProject" */;
			compatibilityVersion = "Xcode 13.0";
			developmentRegion = en;
			hasScannedForEncodings = 0;
			knownRegions = (
				en,
				Base,
			);
			mainGroup = 5054B02C27FCDC0A00BE687B;
			packageReferences = (
				5054B04827FCF42C00BE687B /* XCRemoteSwiftPackageReference "swiftui-cached-async-image" */,
			);
			productRefGroup = 5054B03627FCDC0A00BE687B /* Products */;
			projectDirPath = "";
			projectRoot = "";
			targets = (
				5054B03427FCDC0A00BE687B /* SpaceNewsProject */,
			);
		};
/* End PBXProject section */

/* Begin PBXResourcesBuildPhase section */
		5054B03327FCDC0A00BE687B /* Resources */ = {
			isa = PBXResourcesBuildPhase;
			buildActionMask = 2147483647;
			files = (
				5054B04027FCDC0D00BE687B /* Preview Assets.xcassets in Resources */,
				5054B03D27FCDC0D00BE687B /* Assets.xcassets in Resources */,
			);
			runOnlyForDeploymentPostprocessing = 0;
		};
/* End PBXResourcesBuildPhase section */

/* Begin PBXSourcesBuildPhase section */
		5054B03127FCDC0A00BE687B /* Sources */ = {
			isa = PBXSourcesBuildPhase;
			buildActionMask = 2147483647;
			files = (
				5054B03B27FCDC0A00BE687B /* ContentView.swift in Sources */,
				5054B04E27FD43CF00BE687B /* NewsArticle.swift in Sources */,
				5054B03927FCDC0A00BE687B /* SpaceNewsProjectApp.swift in Sources */,
				5054B05027FD449400BE687B /* NewView.swift in Sources */,
				5054B04C27FCF58100BE687B /* APIClient.swift in Sources */,
			);
			runOnlyForDeploymentPostprocessing = 0;
		};
/* End PBXSourcesBuildPhase section */

/* Begin XCBuildConfiguration section */
		5054B04127FCDC0D00BE687B /* Debug */ = {
			isa = XCBuildConfiguration;
			buildSettings = {
				ALWAYS_SEARCH_USER_PATHS = NO;
				CLANG_ANALYZER_NONNULL = YES;
				CLANG_ANALYZER_NUMBER_OBJECT_CONVERSION = YES_AGGRESSIVE;
				CLANG_CXX_LANGUAGE_STANDARD = "gnu++17";
				CLANG_CXX_LIBRARY = "libc++";
				CLANG_ENABLE_MODULES = YES;
				CLANG_ENABLE_OBJC_ARC = YES;
				CLANG_ENABLE_OBJC_WEAK = YES;
				CLANG_WARN_BLOCK_CAPTURE_AUTORELEASING = YES;
				CLANG_WARN_BOOL_CONVERSION = YES;
				CLANG_WARN_COMMA = YES;
				CLANG_WARN_CONSTANT_CONVERSION = YES;
				CLANG_WARN_DEPRECATED_OBJC_IMPLEMENTATIONS = YES;
				CLANG_WARN_DIRECT_OBJC_ISA_USAGE = YES_ERROR;
				CLANG_WARN_DOCUMENTATION_COMMENTS = YES;
				CLANG_WARN_EMPTY_BODY = YES;
				CLANG_WARN_ENUM_CONVERSION = YES;
				CLANG_WARN_INFINITE_RECURSION = YES;
				CLANG_WARN_INT_CONVERSION = YES;
				CLANG_WARN_NON_LITERAL_NULL_CONVERSION = YES;
				CLANG_WARN_OBJC_IMPLICIT_RETAIN_SELF = YES;
				CLANG_WARN_OBJC_LITERAL_CONVERSION = YES;
				CLANG_WARN_OBJC_ROOT_CLASS = YES_ERROR;
				CLANG_WARN_QUOTED_INCLUDE_IN_FRAMEWORK_HEADER = YES;
				CLANG_WARN_RANGE_LOOP_ANALYSIS = YES;
				CLANG_WARN_STRICT_PROTOTYPES = YES;
				CLANG_WARN_SUSPICIOUS_MOVE = YES;
				CLANG_WARN_UNGUARDED_AVAILABILITY = YES_AGGRESSIVE;
				CLANG_WARN_UNREACHABLE_CODE = YES;
				CLANG_WARN__DUPLICATE_METHOD_MATCH = YES;
				COPY_PHASE_STRIP = NO;
				DEBUG_INFORMATION_FORMAT = dwarf;
				ENABLE_STRICT_OBJC_MSGSEND = YES;
				ENABLE_TESTABILITY = YES;
				GCC_C_LANGUAGE_STANDARD = gnu11;
				GCC_DYNAMIC_NO_PIC = NO;
				GCC_NO_COMMON_BLOCKS = YES;
				GCC_OPTIMIZATION_LEVEL = 0;
				GCC_PREPROCESSOR_DEFINITIONS = (
					"DEBUG=1",
					"$(inherited)",
				);
				GCC_WARN_64_TO_32_BIT_CONVERSION = YES;
				GCC_WARN_ABOUT_RETURN_TYPE = YES_ERROR;
				GCC_WARN_UNDECLARED_SELECTOR = YES;
				GCC_WARN_UNINITIALIZED_AUTOS = YES_AGGRESSIVE;
				GCC_WARN_UNUSED_FUNCTION = YES;
				GCC_WARN_UNUSED_VARIABLE = YES;
				IPHONEOS_DEPLOYMENT_TARGET = 15.2;
				MTL_ENABLE_DEBUG_INFO = INCLUDE_SOURCE;
				MTL_FAST_MATH = YES;
				ONLY_ACTIVE_ARCH = YES;
				SDKROOT = iphoneos;
				SWIFT_ACTIVE_COMPILATION_CONDITIONS = DEBUG;
				SWIFT_OPTIMIZATION_LEVEL = "-Onone";
			};
			name = Debug;
		};
		5054B04227FCDC0D00BE687B /* Release */ = {
			isa = XCBuildConfiguration;
			buildSettings = {
				ALWAYS_SEARCH_USER_PATHS = NO;
				CLANG_ANALYZER_NONNULL = YES;
				CLANG_ANALYZER_NUMBER_OBJECT_CONVERSION = YES_AGGRESSIVE;
				CLANG_CXX_LANGUAGE_STANDARD = "gnu++17";
				CLANG_CXX_LIBRARY = "libc++";
				CLANG_ENABLE_MODULES = YES;
				CLANG_ENABLE_OBJC_ARC = YES;
				CLANG_ENABLE_OBJC_WEAK = YES;
				CLANG_WARN_BLOCK_CAPTURE_AUTORELEASING = YES;
				CLANG_WARN_BOOL_CONVERSION = YES;
				CLANG_WARN_COMMA = YES;
				CLANG_WARN_CONSTANT_CONVERSION = YES;
				CLANG_WARN_DEPRECATED_OBJC_IMPLEMENTATIONS = YES;
				CLANG_WARN_DIRECT_OBJC_ISA_USAGE = YES_ERROR;
				CLANG_WARN_DOCUMENTATION_COMMENTS = YES;
				CLANG_WARN_EMPTY_BODY = YES;
				CLANG_WARN_ENUM_CONVERSION = YES;
				CLANG_WARN_INFINITE_RECURSION = YES;
				CLANG_WARN_INT_CONVERSION = YES;
				CLANG_WARN_NON_LITERAL_NULL_CONVERSION = YES;
				CLANG_WARN_OBJC_IMPLICIT_RETAIN_SELF = YES;
				CLANG_WARN_OBJC_LITERAL_CONVERSION = YES;
				CLANG_WARN_OBJC_ROOT_CLASS = YES_ERROR;
				CLANG_WARN_QUOTED_INCLUDE_IN_FRAMEWORK_HEADER = YES;
				CLANG_WARN_RANGE_LOOP_ANALYSIS = YES;
				CLANG_WARN_STRICT_PROTOTYPES = YES;
				CLANG_WARN_SUSPICIOUS_MOVE = YES;
				CLANG_WARN_UNGUARDED_AVAILABILITY = YES_AGGRESSIVE;
				CLANG_WARN_UNREACHABLE_CODE = YES;
				CLANG_WARN__DUPLICATE_METHOD_MATCH = YES;
				COPY_PHASE_STRIP = NO;
				DEBUG_INFORMATION_FORMAT = "dwarf-with-dsym";
				ENABLE_NS_ASSERTIONS = NO;
				ENABLE_STRICT_OBJC_MSGSEND = YES;
				GCC_C_LANGUAGE_STANDARD = gnu11;
				GCC_NO_COMMON_BLOCKS = YES;
				GCC_WARN_64_TO_32_BIT_CONVERSION = YES;
				GCC_WARN_ABOUT_RETURN_TYPE = YES_ERROR;
				GCC_WARN_UNDECLARED_SELECTOR = YES;
				GCC_WARN_UNINITIALIZED_AUTOS = YES_AGGRESSIVE;
				GCC_WARN_UNUSED_FUNCTION = YES;
				GCC_WARN_UNUSED_VARIABLE = YES;
				IPHONEOS_DEPLOYMENT_TARGET = 15.2;
				MTL_ENABLE_DEBUG_INFO = NO;
				MTL_FAST_MATH = YES;
				SDKROOT = iphoneos;
				SWIFT_COMPILATION_MODE = wholemodule;
				SWIFT_OPTIMIZATION_LEVEL = "-O";
				VALIDATE_PRODUCT = YES;
			};
			name = Release;
		};
		5054B04427FCDC0D00BE687B /* Debug */ = {
			isa = XCBuildConfiguration;
			buildSettings = {
				ASSETCATALOG_COMPILER_APPICON_NAME = AppIcon;
				ASSETCATALOG_COMPILER_GLOBAL_ACCENT_COLOR_NAME = AccentColor;
				CODE_SIGN_STYLE = Automatic;
				CURRENT_PROJECT_VERSION = 1;
				DEVELOPMENT_ASSET_PATHS = "\"SpaceNewsProject/Preview Content\"";
				DEVELOPMENT_TEAM = 24R4473HL9;
				ENABLE_PREVIEWS = YES;
				GENERATE_INFOPLIST_FILE = YES;
				INFOPLIST_KEY_UIApplicationSceneManifest_Generation = YES;
				INFOPLIST_KEY_UIApplicationSupportsIndirectInputEvents = YES;
				INFOPLIST_KEY_UILaunchScreen_Generation = YES;
				INFOPLIST_KEY_UISupportedInterfaceOrientations_iPad = "UIInterfaceOrientationPortrait UIInterfaceOrientationPortraitUpsideDown UIInterfaceOrientationLandscapeLeft UIInterfaceOrientationLandscapeRight";
				INFOPLIST_KEY_UISupportedInterfaceOrientations_iPhone = "UIInterfaceOrientationPortrait UIInterfaceOrientationLandscapeLeft UIInterfaceOrientationLandscapeRight";
				LD_RUNPATH_SEARCH_PATHS = (
					"$(inherited)",
					"@executable_path/Frameworks",
				);
				MARKETING_VERSION = 1.0;
				PRODUCT_BUNDLE_IDENTIFIER = hana.SpaceNewsProject;
				PRODUCT_NAME = "$(TARGET_NAME)";
				SWIFT_EMIT_LOC_STRINGS = YES;
				SWIFT_VERSION = 5.0;
				TARGETED_DEVICE_FAMILY = "1,2";
			};
			name = Debug;
		};
		5054B04527FCDC0D00BE687B /* Release */ = {
			isa = XCBuildConfiguration;
			buildSettings = {
				ASSETCATALOG_COMPILER_APPICON_NAME = AppIcon;
				ASSETCATALOG_COMPILER_GLOBAL_ACCENT_COLOR_NAME = AccentColor;
				CODE_SIGN_STYLE = Automatic;
				CURRENT_PROJECT_VERSION = 1;
				DEVELOPMENT_ASSET_PATHS = "\"SpaceNewsProject/Preview Content\"";
				DEVELOPMENT_TEAM = 24R4473HL9;
				ENABLE_PREVIEWS = YES;
				GENERATE_INFOPLIST_FILE = YES;
				INFOPLIST_KEY_UIApplicationSceneManifest_Generation = YES;
				INFOPLIST_KEY_UIApplicationSupportsIndirectInputEvents = YES;
				INFOPLIST_KEY_UILaunchScreen_Generation = YES;
				INFOPLIST_KEY_UISupportedInterfaceOrientations_iPad = "UIInterfaceOrientationPortrait UIInterfaceOrientationPortraitUpsideDown UIInterfaceOrientationLandscapeLeft UIInterfaceOrientationLandscapeRight";
				INFOPLIST_KEY_UISupportedInterfaceOrientations_iPhone = "UIInterfaceOrientationPortrait UIInterfaceOrientationLandscapeLeft UIInterfaceOrientationLandscapeRight";
				LD_RUNPATH_SEARCH_PATHS = (
					"$(inherited)",
					"@executable_path/Frameworks",
				);
				MARKETING_VERSION = 1.0;
				PRODUCT_BUNDLE_IDENTIFIER = hana.SpaceNewsProject;
				PRODUCT_NAME = "$(TARGET_NAME)";
				SWIFT_EMIT_LOC_STRINGS = YES;
				SWIFT_VERSION = 5.0;
				TARGETED_DEVICE_FAMILY = "1,2";
			};
			name = Release;
		};
/* End XCBuildConfiguration section */

/* Begin XCConfigurationList section */
		5054B03027FCDC0A00BE687B /* Build configuration list for PBXProject "SpaceNewsProject" */ = {
			isa = XCConfigurationList;
			buildConfigurations = (
				5054B04127FCDC0D00BE687B /* Debug */,
				5054B04227FCDC0D00BE687B /* Release */,
			);
			defaultConfigurationIsVisible = 0;
			defaultConfigurationName = Release;
		};
		5054B04327FCDC0D00BE687B /* Build configuration list for PBXNativeTarget "SpaceNewsProject" */ = {
			isa = XCConfigurationList;
			buildConfigurations = (
				5054B04427FCDC0D00BE687B /* Debug */,
				5054B04527FCDC0D00BE687B /* Release */,
			);
			defaultConfigurationIsVisible = 0;
			defaultConfigurationName = Release;
		};
/* End XCConfigurationList section */

/* Begin XCRemoteSwiftPackageReference section */
		5054B04827FCF42C00BE687B /* XCRemoteSwiftPackageReference "swiftui-cached-async-image" */ = {
			isa = XCRemoteSwiftPackageReference;
			repositoryURL = "https://github.com/lorenzofiamingo/swiftui-cached-async-image";
			requirement = {
				kind = upToNextMajorVersion;
				minimumVersion = 2.0.0;
			};
		};
/* End XCRemoteSwiftPackageReference section */

/* Begin XCSwiftPackageProductDependency section */
		5054B04927FCF42C00BE687B /* CachedAsyncImage */ = {
			isa = XCSwiftPackageProductDependency;
			package = 5054B04827FCF42C00BE687B /* XCRemoteSwiftPackageReference "swiftui-cached-async-image" */;
			productName = CachedAsyncImage;
		};
/* End XCSwiftPackageProductDependency section */
	};
	rootObject = 5054B02D27FCDC0A00BE687B /* Project object */;
}
